
Microsoft Visual Studio Solution File, Format Version 12.00
# Visual Studio 15
VisualStudioVersion = 15.0.27004.2009
MinimumVisualStudioVersion = 10.0.40219.1
Project("{8BC9CEB8-8B4A-11D0-8D11-00A0C91BC942}") = "qpp", "qpp\qpp.vcxproj", "{0CC64CC9-0396-4E3F-B56B-6CAAA30088F5}"
EndProject
Project("{8BC9CEB8-8B4A-11D0-8D11-00A0C91BC942}") = "GoogleTest", "GTest\GTest.vcxproj", "{4C85A4B5-83A6-4723-BEF2-8658732B3F38}"
EndProject
Project("{8BC9CEB8-8B4A-11D0-8D11-00A0C91BC942}") = "qpp_testing", "qpp_testing\qpp_testing.vcxproj", "{19A91C31-5D11-4C16-BE4B-6F7301DB3212}"
	ProjectSection(ProjectDependencies) = postProject
		{4C85A4B5-83A6-4723-BEF2-8658732B3F38} = {4C85A4B5-83A6-4723-BEF2-8658732B3F38}
	EndProjectSection
EndProject
Global
	GlobalSection(SolutionConfigurationPlatforms) = preSolution
		Debug|x64 = Debug|x64
		Debug|x86 = Debug|x86
		Release|x64 = Release|x64
		Release|x86 = Release|x86
	EndGlobalSection
	GlobalSection(ProjectConfigurationPlatforms) = postSolution
		{0CC64CC9-0396-4E3F-B56B-6CAAA30088F5}.Debug|x64.ActiveCfg = Debug|x64
		{0CC64CC9-0396-4E3F-B56B-6CAAA30088F5}.Debug|x64.Build.0 = Debug|x64
		{0CC64CC9-0396-4E3F-B56B-6CAAA30088F5}.Debug|x86.ActiveCfg = Debug|Win32
		{0CC64CC9-0396-4E3F-B56B-6CAAA30088F5}.Debug|x86.Build.0 = Debug|Win32
		{0CC64CC9-0396-4E3F-B56B-6CAAA30088F5}.Release|x64.ActiveCfg = Release|x64
		{0CC64CC9-0396-4E3F-B56B-6CAAA30088F5}.Release|x64.Build.0 = Release|x64
		{0CC64CC9-0396-4E3F-B56B-6CAAA30088F5}.Release|x86.ActiveCfg = Release|Win32
		{0CC64CC9-0396-4E3F-B56B-6CAAA30088F5}.Release|x86.Build.0 = Release|Win32
		{4C85A4B5-83A6-4723-BEF2-8658732B3F38}.Debug|x64.ActiveCfg = Debug|x64
		{4C85A4B5-83A6-4723-BEF2-8658732B3F38}.Debug|x64.Build.0 = Debug|x64
		{4C85A4B5-83A6-4723-BEF2-8658732B3F38}.Debug|x86.ActiveCfg = Debug|Win32
		{4C85A4B5-83A6-4723-BEF2-8658732B3F38}.Debug|x86.Build.0 = Debug|Win32
		{4C85A4B5-83A6-4723-BEF2-8658732B3F38}.Release|x64.ActiveCfg = Release|x64
		{4C85A4B5-83A6-4723-BEF2-8658732B3F38}.Release|x64.Build.0 = Release|x64
		{4C85A4B5-83A6-4723-BEF2-8658732B3F38}.Release|x86.ActiveCfg = Release|Win32
		{4C85A4B5-83A6-4723-BEF2-8658732B3F38}.Release|x86.Build.0 = Release|Win32
		{19A91C31-5D11-4C16-BE4B-6F7301DB3212}.Debug|x64.ActiveCfg = Debug|x64
		{19A91C31-5D11-4C16-BE4B-6F7301DB3212}.Debug|x64.Build.0 = Debug|x64
		{19A91C31-5D11-4C16-BE4B-6F7301DB3212}.Debug|x86.ActiveCfg = Debug|Win32
		{19A91C31-5D11-4C16-BE4B-6F7301DB3212}.Debug|x86.Build.0 = Debug|Win32
		{19A91C31-5D11-4C16-BE4B-6F7301DB3212}.Release|x64.ActiveCfg = Release|x64
		{19A91C31-5D11-4C16-BE4B-6F7301DB3212}.Release|x64.Build.0 = Release|x64
		{19A91C31-5D11-4C16-BE4B-6F7301DB3212}.Release|x86.ActiveCfg = Release|Win32
		{19A91C31-5D11-4C16-BE4B-6F7301DB3212}.Release|x86.Build.0 = Release|Win32
	EndGlobalSection
	GlobalSection(SolutionProperties) = preSolution
		HideSolutionNode = FALSE
	EndGlobalSection
	GlobalSection(ExtensibilityGlobals) = postSolution
		SolutionGuid = {460FE3C7-1531-49D7-9478-A148C6492DC0}
	EndGlobalSection
EndGlobal
